// !$*UTF8*$!
{
	archiveVersion = 1;
	classes = {
	};
	objectVersion = 48;
	objects = {

/* Begin PBXBuildFile section */
		0FA6BF581FF292F7B044A7F1 /* Pods_NuskinVN_CRM.framework in Frameworks */ = {isa = PBXBuildFile; fileRef = 2D94BC7DF7ED4D5918AED574 /* Pods_NuskinVN_CRM.framework */; };
		2302487A1F753CAD00177679 /* CInput.swift in Sources */ = {isa = PBXBuildFile; fileRef = 230248791F753CAD00177679 /* CInput.swift */; };
		2302487D1F7547B600177679 /* CButton.swift in Sources */ = {isa = PBXBuildFile; fileRef = 2302487C1F7547B600177679 /* CButton.swift */; };
		2302487F1F755B4D00177679 /* Support.swift in Sources */ = {isa = PBXBuildFile; fileRef = 2302487E1F755B4D00177679 /* Support.swift */; };
		230248821F755DF800177679 /* CMessageLabel.swift in Sources */ = {isa = PBXBuildFile; fileRef = 230248811F755DF800177679 /* CMessageLabel.swift */; };
		230248861F7569ED00177679 /* CustomAlertController.swift in Sources */ = {isa = PBXBuildFile; fileRef = 230248841F7569ED00177679 /* CustomAlertController.swift */; };
		230248871F7569ED00177679 /* CustomAlertController.xib in Resources */ = {isa = PBXBuildFile; fileRef = 230248851F7569ED00177679 /* CustomAlertController.xib */; };
		231C72141F72BD4F00654621 /* RootViewController.swift in Sources */ = {isa = PBXBuildFile; fileRef = 231C72131F72BD4F00654621 /* RootViewController.swift */; };
		232D2CFE1F76C7BD00B93B45 /* SystemConfiguration.framework in Frameworks */ = {isa = PBXBuildFile; fileRef = 232D2CFD1F76C7BC00B93B45 /* SystemConfiguration.framework */; };
		232D2D001F76C81E00B93B45 /* ChartStatisticsSales.xib in Resources */ = {isa = PBXBuildFile; fileRef = 232D2CFF1F76C81E00B93B45 /* ChartStatisticsSales.xib */; };
		232D2D021F76C83400B93B45 /* ChartStatisticsSales.swift in Sources */ = {isa = PBXBuildFile; fileRef = 232D2D011F76C83400B93B45 /* ChartStatisticsSales.swift */; };
		232D2D041F76CB5200B93B45 /* Theme.swift in Sources */ = {isa = PBXBuildFile; fileRef = 232D2D031F76CB5200B93B45 /* Theme.swift */; };
		232F17381F74C7FD0053A87D /* DashboardViewController.swift in Sources */ = {isa = PBXBuildFile; fileRef = 232F17371F74C7FD0053A87D /* DashboardViewController.swift */; };
		232F173A1F74C80B0053A87D /* MenuViewController.swift in Sources */ = {isa = PBXBuildFile; fileRef = 232F17391F74C80B0053A87D /* MenuViewController.swift */; };
		232F17421F74C9650053A87D /* CustomerListViewController.swift in Sources */ = {isa = PBXBuildFile; fileRef = 232F17411F74C9650053A87D /* CustomerListViewController.swift */; };
		232F17441F74C9740053A87D /* OrderManagerViewController.swift in Sources */ = {isa = PBXBuildFile; fileRef = 232F17431F74C9740053A87D /* OrderManagerViewController.swift */; };
		232F17461F74C9880053A87D /* SettingListViewController.swift in Sources */ = {isa = PBXBuildFile; fileRef = 232F17451F74C9880053A87D /* SettingListViewController.swift */; };
		232F17481F74C99B0053A87D /* InfoListViewController.swift in Sources */ = {isa = PBXBuildFile; fileRef = 232F17471F74C99B0053A87D /* InfoListViewController.swift */; };
		232F174A1F74CA170053A87D /* MenuListView.swift in Sources */ = {isa = PBXBuildFile; fileRef = 232F17491F74CA170053A87D /* MenuListView.swift */; };
		232F174C1F74CA250053A87D /* MenuListView.xib in Resources */ = {isa = PBXBuildFile; fileRef = 232F174B1F74CA250053A87D /* MenuListView.xib */; };
		232F174E1F74F7140053A87D /* DashboardView.swift in Sources */ = {isa = PBXBuildFile; fileRef = 232F174D1F74F7140053A87D /* DashboardView.swift */; };
		232F17501F74F7210053A87D /* DashboardView.xib in Resources */ = {isa = PBXBuildFile; fileRef = 232F174F1F74F7210053A87D /* DashboardView.xib */; };
		2335A2311F7DEA7200D8A47E /* Launch Screen.storyboard in Resources */ = {isa = PBXBuildFile; fileRef = 2335A2301F7DEA7200D8A47E /* Launch Screen.storyboard */; };
		2338A2B81F72AA5800B74AB4 /* Localizable.strings in Resources */ = {isa = PBXBuildFile; fileRef = 2338A2BA1F72AA5800B74AB4 /* Localizable.strings */; };
		2338A2BD1F72AD7600B74AB4 /* crm.db in Resources */ = {isa = PBXBuildFile; fileRef = 2338A2BC1F72AD7600B74AB4 /* crm.db */; };
		2338A2BF1F72ADB400B74AB4 /* libsqlite3.tbd in Frameworks */ = {isa = PBXBuildFile; fileRef = 2338A2BE1F72ADB400B74AB4 /* libsqlite3.tbd */; };
		2351E34F1F7B55DF00BC228A /* UIImageView+Wrap.swift in Sources */ = {isa = PBXBuildFile; fileRef = 2351E34E1F7B55DF00BC228A /* UIImageView+Wrap.swift */; };
		2356DFF61F736B1B00134A73 /* GroupCustomer.swift in Sources */ = {isa = PBXBuildFile; fileRef = 2356DFF51F736B1B00134A73 /* GroupCustomer.swift */; };
		2356DFF81F736B3200134A73 /* Customer.swift in Sources */ = {isa = PBXBuildFile; fileRef = 2356DFF71F736B3200134A73 /* Customer.swift */; };
		2357221E1F7D58170096A636 /* Roboto-Medium.ttf in Resources */ = {isa = PBXBuildFile; fileRef = 2357220C1F7D58170096A636 /* Roboto-Medium.ttf */; };
		2357221F1F7D58170096A636 /* Roboto-Light.ttf in Resources */ = {isa = PBXBuildFile; fileRef = 2357220D1F7D58170096A636 /* Roboto-Light.ttf */; };
		235722201F7D58170096A636 /* RobotoCondensed-Bold.ttf in Resources */ = {isa = PBXBuildFile; fileRef = 2357220E1F7D58170096A636 /* RobotoCondensed-Bold.ttf */; };
		235722211F7D58170096A636 /* RobotoCondensed-Light.ttf in Resources */ = {isa = PBXBuildFile; fileRef = 2357220F1F7D58170096A636 /* RobotoCondensed-Light.ttf */; };
		235722221F7D58170096A636 /* Roboto-Regular.ttf in Resources */ = {isa = PBXBuildFile; fileRef = 235722101F7D58170096A636 /* Roboto-Regular.ttf */; };
		235722231F7D58170096A636 /* Roboto-MediumItalic.ttf in Resources */ = {isa = PBXBuildFile; fileRef = 235722111F7D58170096A636 /* Roboto-MediumItalic.ttf */; };
		235722241F7D58170096A636 /* RobotoCondensed-Italic.ttf in Resources */ = {isa = PBXBuildFile; fileRef = 235722121F7D58170096A636 /* RobotoCondensed-Italic.ttf */; };
		235722251F7D58170096A636 /* RobotoCondensed-BoldItalic.ttf in Resources */ = {isa = PBXBuildFile; fileRef = 235722131F7D58170096A636 /* RobotoCondensed-BoldItalic.ttf */; };
		235722261F7D58170096A636 /* RobotoCondensed-LightItalic.ttf in Resources */ = {isa = PBXBuildFile; fileRef = 235722141F7D58170096A636 /* RobotoCondensed-LightItalic.ttf */; };
		235722271F7D58170096A636 /* Roboto-ThinItalic.ttf in Resources */ = {isa = PBXBuildFile; fileRef = 235722151F7D58170096A636 /* Roboto-ThinItalic.ttf */; };
		235722281F7D58170096A636 /* RobotoCondensed-Regular.ttf in Resources */ = {isa = PBXBuildFile; fileRef = 235722161F7D58170096A636 /* RobotoCondensed-Regular.ttf */; };
		235722291F7D58170096A636 /* Roboto-BoldItalic.ttf in Resources */ = {isa = PBXBuildFile; fileRef = 235722171F7D58170096A636 /* Roboto-BoldItalic.ttf */; };
		2357222A1F7D58170096A636 /* Roboto-LightItalic.ttf in Resources */ = {isa = PBXBuildFile; fileRef = 235722181F7D58170096A636 /* Roboto-LightItalic.ttf */; };
		2357222B1F7D58170096A636 /* Roboto-Italic.ttf in Resources */ = {isa = PBXBuildFile; fileRef = 235722191F7D58170096A636 /* Roboto-Italic.ttf */; };
		2357222C1F7D58170096A636 /* Roboto-BlackItalic.ttf in Resources */ = {isa = PBXBuildFile; fileRef = 2357221A1F7D58170096A636 /* Roboto-BlackItalic.ttf */; };
		2357222D1F7D58170096A636 /* Roboto-Bold.ttf in Resources */ = {isa = PBXBuildFile; fileRef = 2357221B1F7D58170096A636 /* Roboto-Bold.ttf */; };
		2357222E1F7D58170096A636 /* Roboto-Thin.ttf in Resources */ = {isa = PBXBuildFile; fileRef = 2357221C1F7D58170096A636 /* Roboto-Thin.ttf */; };
		2357222F1F7D58170096A636 /* Roboto-Black.ttf in Resources */ = {isa = PBXBuildFile; fileRef = 2357221D1F7D58170096A636 /* Roboto-Black.ttf */; };
		2365D4CE1F77A0A100673903 /* ChartStatisticsOrder.swift in Sources */ = {isa = PBXBuildFile; fileRef = 2365D4CC1F77A0A100673903 /* ChartStatisticsOrder.swift */; };
		2365D4CF1F77A0A100673903 /* ChartStatisticsOrder.xib in Resources */ = {isa = PBXBuildFile; fileRef = 2365D4CD1F77A0A100673903 /* ChartStatisticsOrder.xib */; };
		2365D4D11F77A9C700673903 /* CButtonChart.swift in Sources */ = {isa = PBXBuildFile; fileRef = 2365D4D01F77A9C700673903 /* CButtonChart.swift */; };
		2365D4D41F77AAC200673903 /* UIImage+Wrap.swift in Sources */ = {isa = PBXBuildFile; fileRef = 2365D4D31F77AAC200673903 /* UIImage+Wrap.swift */; };
		2365D4D71F77B41300673903 /* ChartStatisticsCustomer.swift in Sources */ = {isa = PBXBuildFile; fileRef = 2365D4D51F77B41300673903 /* ChartStatisticsCustomer.swift */; };
		2365D4D81F77B41300673903 /* ChartStatisticsCustomer.xib in Resources */ = {isa = PBXBuildFile; fileRef = 2365D4D61F77B41300673903 /* ChartStatisticsCustomer.xib */; };
		2365D4DB1F77C83500673903 /* BirthdayCustomerListView.swift in Sources */ = {isa = PBXBuildFile; fileRef = 2365D4DA1F77C83500673903 /* BirthdayCustomerListView.swift */; };
		2365D4DD1F77C84000673903 /* BirthdayCustomerListView.xib in Resources */ = {isa = PBXBuildFile; fileRef = 2365D4DC1F77C84000673903 /* BirthdayCustomerListView.xib */; };
		2365D4DF1F77D50E00673903 /* CustomerBlockView.xib in Resources */ = {isa = PBXBuildFile; fileRef = 2365D4DE1F77D50E00673903 /* CustomerBlockView.xib */; };
		237F84B61F72DF73008B4822 /* LocalService.swift in Sources */ = {isa = PBXBuildFile; fileRef = 237F84B51F72DF73008B4822 /* LocalService.swift */; };
		239CB0E01F7EB88800E42781 /* CView.swift in Sources */ = {isa = PBXBuildFile; fileRef = 239CB0DF1F7EB88800E42781 /* CView.swift */; };
		23BB51B51F761ED9005FC2C7 /* TotalSummaryView.swift in Sources */ = {isa = PBXBuildFile; fileRef = 23BB51B41F761ED9005FC2C7 /* TotalSummaryView.swift */; };
		23BB51B71F761F0A005FC2C7 /* TotalSummaryView.xib in Resources */ = {isa = PBXBuildFile; fileRef = 23BB51B61F761F0A005FC2C7 /* TotalSummaryView.xib */; };
		23CAF8141F7207FC0016DBDF /* AppDelegate.swift in Sources */ = {isa = PBXBuildFile; fileRef = 23CAF8131F7207FC0016DBDF /* AppDelegate.swift */; };
		23CAF81E1F7207FC0016DBDF /* Assets.xcassets in Resources */ = {isa = PBXBuildFile; fileRef = 23CAF81D1F7207FC0016DBDF /* Assets.xcassets */; };
		23CAF82C1F7207FC0016DBDF /* NuskinVN_CRMTests.swift in Sources */ = {isa = PBXBuildFile; fileRef = 23CAF82B1F7207FC0016DBDF /* NuskinVN_CRMTests.swift */; };
		23D31D041F7BE4BA00BCD198 /* OrderManageView.swift in Sources */ = {isa = PBXBuildFile; fileRef = 23D31D031F7BE4BA00BCD198 /* OrderManageView.swift */; };
		23D31D061F7BE4C600BCD198 /* OrderManageView.xib in Resources */ = {isa = PBXBuildFile; fileRef = 23D31D051F7BE4C600BCD198 /* OrderManageView.xib */; };
		23DEDE391F72CBD7003D4097 /* AppConfig.swift in Sources */ = {isa = PBXBuildFile; fileRef = 23DEDE381F72CBD7003D4097 /* AppConfig.swift */; };
		23E146E31F796FF200ECCC32 /* FontAwesomeKit.framework in Frameworks */ = {isa = PBXBuildFile; fileRef = 23E146E41F796FF200ECCC32 /* FontAwesomeKit.framework */; };
		23E146E51F796FF900ECCC32 /* Reachability.framework in Frameworks */ = {isa = PBXBuildFile; fileRef = 23E146E61F796FF900ECCC32 /* Reachability.framework */; };
		23EA78721F72184C0017E47E /* AuthenticView.swift in Sources */ = {isa = PBXBuildFile; fileRef = 23EA78711F72184C0017E47E /* AuthenticView.swift */; };
		23EA78741F7218640017E47E /* AuthenticView.xib in Resources */ = {isa = PBXBuildFile; fileRef = 23EA78731F7218640017E47E /* AuthenticView.xib */; };
		23EA78761F72301E0017E47E /* AuthenticViewController.swift in Sources */ = {isa = PBXBuildFile; fileRef = 23EA78751F72301E0017E47E /* AuthenticViewController.swift */; };
		23F09A201F780BB1005654F0 /* PoupMenu.swift in Sources */ = {isa = PBXBuildFile; fileRef = 23F09A1F1F780BB1005654F0 /* PoupMenu.swift */; };
		23F0E0D01F76C333007D3A19 /* UIColor+Wrap.swift in Sources */ = {isa = PBXBuildFile; fileRef = 23F0E0CF1F76C333007D3A19 /* UIColor+Wrap.swift */; };
		41179C7AAAECBD6682B70CD1 /* Pods_NuskinVN_CRMTests.framework in Frameworks */ = {isa = PBXBuildFile; fileRef = F707DCBFE1671896F88A7250 /* Pods_NuskinVN_CRMTests.framework */; };
/* End PBXBuildFile section */

/* Begin PBXContainerItemProxy section */
		23CAF8281F7207FC0016DBDF /* PBXContainerItemProxy */ = {
			isa = PBXContainerItemProxy;
			containerPortal = 23CAF8081F7207FC0016DBDF /* Project object */;
			proxyType = 1;
			remoteGlobalIDString = 23CAF80F1F7207FC0016DBDF;
			remoteInfo = "NuskinVN CRM";
		};
/* End PBXContainerItemProxy section */

/* Begin PBXFileReference section */
		160D3B1D7895AA06D191ECBA /* Pods-NuskinVN CRM.release.xcconfig */ = {isa = PBXFileReference; includeInIndex = 1; lastKnownFileType = text.xcconfig; name = "Pods-NuskinVN CRM.release.xcconfig"; path = "Pods/Target Support Files/Pods-NuskinVN CRM/Pods-NuskinVN CRM.release.xcconfig"; sourceTree = "<group>"; };
		230248791F753CAD00177679 /* CInput.swift */ = {isa = PBXFileReference; lastKnownFileType = sourcecode.swift; path = CInput.swift; sourceTree = "<group>"; };
		2302487C1F7547B600177679 /* CButton.swift */ = {isa = PBXFileReference; lastKnownFileType = sourcecode.swift; path = CButton.swift; sourceTree = "<group>"; };
		2302487E1F755B4D00177679 /* Support.swift */ = {isa = PBXFileReference; lastKnownFileType = sourcecode.swift; path = Support.swift; sourceTree = "<group>"; };
		230248811F755DF800177679 /* CMessageLabel.swift */ = {isa = PBXFileReference; lastKnownFileType = sourcecode.swift; path = CMessageLabel.swift; sourceTree = "<group>"; };
		230248841F7569ED00177679 /* CustomAlertController.swift */ = {isa = PBXFileReference; lastKnownFileType = sourcecode.swift; path = CustomAlertController.swift; sourceTree = "<group>"; };
		230248851F7569ED00177679 /* CustomAlertController.xib */ = {isa = PBXFileReference; lastKnownFileType = file.xib; path = CustomAlertController.xib; sourceTree = "<group>"; };
		231C72131F72BD4F00654621 /* RootViewController.swift */ = {isa = PBXFileReference; lastKnownFileType = sourcecode.swift; path = RootViewController.swift; sourceTree = "<group>"; };
		232D2CFD1F76C7BC00B93B45 /* SystemConfiguration.framework */ = {isa = PBXFileReference; lastKnownFileType = wrapper.framework; name = SystemConfiguration.framework; path = System/Library/Frameworks/SystemConfiguration.framework; sourceTree = SDKROOT; };
		232D2CFF1F76C81E00B93B45 /* ChartStatisticsSales.xib */ = {isa = PBXFileReference; lastKnownFileType = file.xib; path = ChartStatisticsSales.xib; sourceTree = "<group>"; };
		232D2D011F76C83400B93B45 /* ChartStatisticsSales.swift */ = {isa = PBXFileReference; lastKnownFileType = sourcecode.swift; path = ChartStatisticsSales.swift; sourceTree = "<group>"; };
		232D2D031F76CB5200B93B45 /* Theme.swift */ = {isa = PBXFileReference; lastKnownFileType = sourcecode.swift; path = Theme.swift; sourceTree = "<group>"; };
		232F17371F74C7FD0053A87D /* DashboardViewController.swift */ = {isa = PBXFileReference; lastKnownFileType = sourcecode.swift; path = DashboardViewController.swift; sourceTree = "<group>"; };
		232F17391F74C80B0053A87D /* MenuViewController.swift */ = {isa = PBXFileReference; lastKnownFileType = sourcecode.swift; path = MenuViewController.swift; sourceTree = "<group>"; };
		232F17411F74C9650053A87D /* CustomerListViewController.swift */ = {isa = PBXFileReference; lastKnownFileType = sourcecode.swift; path = CustomerListViewController.swift; sourceTree = "<group>"; };
		232F17431F74C9740053A87D /* OrderManagerViewController.swift */ = {isa = PBXFileReference; lastKnownFileType = sourcecode.swift; path = OrderManagerViewController.swift; sourceTree = "<group>"; };
		232F17451F74C9880053A87D /* SettingListViewController.swift */ = {isa = PBXFileReference; lastKnownFileType = sourcecode.swift; path = SettingListViewController.swift; sourceTree = "<group>"; };
		232F17471F74C99B0053A87D /* InfoListViewController.swift */ = {isa = PBXFileReference; lastKnownFileType = sourcecode.swift; path = InfoListViewController.swift; sourceTree = "<group>"; };
		232F17491F74CA170053A87D /* MenuListView.swift */ = {isa = PBXFileReference; lastKnownFileType = sourcecode.swift; path = MenuListView.swift; sourceTree = "<group>"; };
		232F174B1F74CA250053A87D /* MenuListView.xib */ = {isa = PBXFileReference; lastKnownFileType = file.xib; path = MenuListView.xib; sourceTree = "<group>"; };
		232F174D1F74F7140053A87D /* DashboardView.swift */ = {isa = PBXFileReference; lastKnownFileType = sourcecode.swift; path = DashboardView.swift; sourceTree = "<group>"; };
		232F174F1F74F7210053A87D /* DashboardView.xib */ = {isa = PBXFileReference; lastKnownFileType = file.xib; path = DashboardView.xib; sourceTree = "<group>"; };
		2335A2301F7DEA7200D8A47E /* Launch Screen.storyboard */ = {isa = PBXFileReference; lastKnownFileType = file.storyboard; path = "Launch Screen.storyboard"; sourceTree = "<group>"; };
		2338A2B31F72A92700B74AB4 /* README.md */ = {isa = PBXFileReference; lastKnownFileType = net.daringfireball.markdown; path = README.md; sourceTree = "<group>"; };
		2338A2B91F72AA5800B74AB4 /* en */ = {isa = PBXFileReference; lastKnownFileType = text.plist.strings; name = en; path = en.lproj/Localizable.strings; sourceTree = "<group>"; };
		2338A2BB1F72AA5E00B74AB4 /* vi */ = {isa = PBXFileReference; lastKnownFileType = text.plist.strings; name = vi; path = vi.lproj/Localizable.strings; sourceTree = "<group>"; };
		2338A2BC1F72AD7600B74AB4 /* crm.db */ = {isa = PBXFileReference; lastKnownFileType = file; path = crm.db; sourceTree = "<group>"; };
		2338A2BE1F72ADB400B74AB4 /* libsqlite3.tbd */ = {isa = PBXFileReference; lastKnownFileType = "sourcecode.text-based-dylib-definition"; name = libsqlite3.tbd; path = usr/lib/libsqlite3.tbd; sourceTree = SDKROOT; };
		2351E34E1F7B55DF00BC228A /* UIImageView+Wrap.swift */ = {isa = PBXFileReference; lastKnownFileType = sourcecode.swift; path = "UIImageView+Wrap.swift"; sourceTree = "<group>"; };
		2356DFF51F736B1B00134A73 /* GroupCustomer.swift */ = {isa = PBXFileReference; lastKnownFileType = sourcecode.swift; path = GroupCustomer.swift; sourceTree = "<group>"; };
		2356DFF71F736B3200134A73 /* Customer.swift */ = {isa = PBXFileReference; lastKnownFileType = sourcecode.swift; path = Customer.swift; sourceTree = "<group>"; };
		2357220C1F7D58170096A636 /* Roboto-Medium.ttf */ = {isa = PBXFileReference; lastKnownFileType = file; path = "Roboto-Medium.ttf"; sourceTree = "<group>"; };
		2357220D1F7D58170096A636 /* Roboto-Light.ttf */ = {isa = PBXFileReference; lastKnownFileType = file; path = "Roboto-Light.ttf"; sourceTree = "<group>"; };
		2357220E1F7D58170096A636 /* RobotoCondensed-Bold.ttf */ = {isa = PBXFileReference; lastKnownFileType = file; path = "RobotoCondensed-Bold.ttf"; sourceTree = "<group>"; };
		2357220F1F7D58170096A636 /* RobotoCondensed-Light.ttf */ = {isa = PBXFileReference; lastKnownFileType = file; path = "RobotoCondensed-Light.ttf"; sourceTree = "<group>"; };
		235722101F7D58170096A636 /* Roboto-Regular.ttf */ = {isa = PBXFileReference; lastKnownFileType = file; path = "Roboto-Regular.ttf"; sourceTree = "<group>"; };
		235722111F7D58170096A636 /* Roboto-MediumItalic.ttf */ = {isa = PBXFileReference; lastKnownFileType = file; path = "Roboto-MediumItalic.ttf"; sourceTree = "<group>"; };
		235722121F7D58170096A636 /* RobotoCondensed-Italic.ttf */ = {isa = PBXFileReference; lastKnownFileType = file; path = "RobotoCondensed-Italic.ttf"; sourceTree = "<group>"; };
		235722131F7D58170096A636 /* RobotoCondensed-BoldItalic.ttf */ = {isa = PBXFileReference; lastKnownFileType = file; path = "RobotoCondensed-BoldItalic.ttf"; sourceTree = "<group>"; };
		235722141F7D58170096A636 /* RobotoCondensed-LightItalic.ttf */ = {isa = PBXFileReference; lastKnownFileType = file; path = "RobotoCondensed-LightItalic.ttf"; sourceTree = "<group>"; };
		235722151F7D58170096A636 /* Roboto-ThinItalic.ttf */ = {isa = PBXFileReference; lastKnownFileType = file; path = "Roboto-ThinItalic.ttf"; sourceTree = "<group>"; };
		235722161F7D58170096A636 /* RobotoCondensed-Regular.ttf */ = {isa = PBXFileReference; lastKnownFileType = file; path = "RobotoCondensed-Regular.ttf"; sourceTree = "<group>"; };
		235722171F7D58170096A636 /* Roboto-BoldItalic.ttf */ = {isa = PBXFileReference; lastKnownFileType = file; path = "Roboto-BoldItalic.ttf"; sourceTree = "<group>"; };
		235722181F7D58170096A636 /* Roboto-LightItalic.ttf */ = {isa = PBXFileReference; lastKnownFileType = file; path = "Roboto-LightItalic.ttf"; sourceTree = "<group>"; };
		235722191F7D58170096A636 /* Roboto-Italic.ttf */ = {isa = PBXFileReference; lastKnownFileType = file; path = "Roboto-Italic.ttf"; sourceTree = "<group>"; };
		2357221A1F7D58170096A636 /* Roboto-BlackItalic.ttf */ = {isa = PBXFileReference; lastKnownFileType = file; path = "Roboto-BlackItalic.ttf"; sourceTree = "<group>"; };
		2357221B1F7D58170096A636 /* Roboto-Bold.ttf */ = {isa = PBXFileReference; lastKnownFileType = file; path = "Roboto-Bold.ttf"; sourceTree = "<group>"; };
		2357221C1F7D58170096A636 /* Roboto-Thin.ttf */ = {isa = PBXFileReference; lastKnownFileType = file; path = "Roboto-Thin.ttf"; sourceTree = "<group>"; };
		2357221D1F7D58170096A636 /* Roboto-Black.ttf */ = {isa = PBXFileReference; lastKnownFileType = file; path = "Roboto-Black.ttf"; sourceTree = "<group>"; };
		2365D4CC1F77A0A100673903 /* ChartStatisticsOrder.swift */ = {isa = PBXFileReference; fileEncoding = 4; lastKnownFileType = sourcecode.swift; name = ChartStatisticsOrder.swift; path = "NuskinVN CRM/Views/DashboardView/ChartStatisticsOrder/ChartStatisticsOrder.swift"; sourceTree = SOURCE_ROOT; };
		2365D4CD1F77A0A100673903 /* ChartStatisticsOrder.xib */ = {isa = PBXFileReference; fileEncoding = 4; lastKnownFileType = file.xib; name = ChartStatisticsOrder.xib; path = "NuskinVN CRM/Views/DashboardView/ChartStatisticsOrder/ChartStatisticsOrder.xib"; sourceTree = SOURCE_ROOT; };
		2365D4D01F77A9C700673903 /* CButtonChart.swift */ = {isa = PBXFileReference; fileEncoding = 4; lastKnownFileType = sourcecode.swift; path = CButtonChart.swift; sourceTree = "<group>"; };
		2365D4D31F77AAC200673903 /* UIImage+Wrap.swift */ = {isa = PBXFileReference; lastKnownFileType = sourcecode.swift; path = "UIImage+Wrap.swift"; sourceTree = "<group>"; };
		2365D4D51F77B41300673903 /* ChartStatisticsCustomer.swift */ = {isa = PBXFileReference; fileEncoding = 4; lastKnownFileType = sourcecode.swift; path = ChartStatisticsCustomer.swift; sourceTree = "<group>"; };
		2365D4D61F77B41300673903 /* ChartStatisticsCustomer.xib */ = {isa = PBXFileReference; fileEncoding = 4; lastKnownFileType = file.xib; path = ChartStatisticsCustomer.xib; sourceTree = "<group>"; };
		2365D4DA1F77C83500673903 /* BirthdayCustomerListView.swift */ = {isa = PBXFileReference; lastKnownFileType = sourcecode.swift; path = BirthdayCustomerListView.swift; sourceTree = "<group>"; };
		2365D4DC1F77C84000673903 /* BirthdayCustomerListView.xib */ = {isa = PBXFileReference; lastKnownFileType = file.xib; path = BirthdayCustomerListView.xib; sourceTree = "<group>"; };
		2365D4DE1F77D50E00673903 /* CustomerBlockView.xib */ = {isa = PBXFileReference; lastKnownFileType = file.xib; path = CustomerBlockView.xib; sourceTree = "<group>"; };
		237F84B51F72DF73008B4822 /* LocalService.swift */ = {isa = PBXFileReference; lastKnownFileType = sourcecode.swift; path = LocalService.swift; sourceTree = "<group>"; };
		239CB0DF1F7EB88800E42781 /* CView.swift */ = {isa = PBXFileReference; lastKnownFileType = sourcecode.swift; path = CView.swift; sourceTree = "<group>"; };
		23BB51B41F761ED9005FC2C7 /* TotalSummaryView.swift */ = {isa = PBXFileReference; lastKnownFileType = sourcecode.swift; path = TotalSummaryView.swift; sourceTree = "<group>"; };
		23BB51B61F761F0A005FC2C7 /* TotalSummaryView.xib */ = {isa = PBXFileReference; lastKnownFileType = file.xib; path = TotalSummaryView.xib; sourceTree = "<group>"; };
		23CAF8101F7207FC0016DBDF /* NuskinVN CRM.app */ = {isa = PBXFileReference; explicitFileType = wrapper.application; includeInIndex = 0; path = "NuskinVN CRM.app"; sourceTree = BUILT_PRODUCTS_DIR; };
		23CAF8131F7207FC0016DBDF /* AppDelegate.swift */ = {isa = PBXFileReference; lastKnownFileType = sourcecode.swift; path = AppDelegate.swift; sourceTree = "<group>"; };
		23CAF81D1F7207FC0016DBDF /* Assets.xcassets */ = {isa = PBXFileReference; lastKnownFileType = folder.assetcatalog; path = Assets.xcassets; sourceTree = "<group>"; };
		23CAF8221F7207FC0016DBDF /* Info.plist */ = {isa = PBXFileReference; lastKnownFileType = text.plist.xml; path = Info.plist; sourceTree = "<group>"; };
		23CAF8271F7207FC0016DBDF /* NuskinVN CRMTests.xctest */ = {isa = PBXFileReference; explicitFileType = wrapper.cfbundle; includeInIndex = 0; path = "NuskinVN CRMTests.xctest"; sourceTree = BUILT_PRODUCTS_DIR; };
		23CAF82B1F7207FC0016DBDF /* NuskinVN_CRMTests.swift */ = {isa = PBXFileReference; lastKnownFileType = sourcecode.swift; path = NuskinVN_CRMTests.swift; sourceTree = "<group>"; };
		23CAF82D1F7207FC0016DBDF /* Info.plist */ = {isa = PBXFileReference; lastKnownFileType = text.plist.xml; path = Info.plist; sourceTree = "<group>"; };
		23D31D031F7BE4BA00BCD198 /* OrderManageView.swift */ = {isa = PBXFileReference; lastKnownFileType = sourcecode.swift; path = OrderManageView.swift; sourceTree = "<group>"; };
		23D31D051F7BE4C600BCD198 /* OrderManageView.xib */ = {isa = PBXFileReference; lastKnownFileType = file.xib; path = OrderManageView.xib; sourceTree = "<group>"; };
		23DEDE381F72CBD7003D4097 /* AppConfig.swift */ = {isa = PBXFileReference; lastKnownFileType = sourcecode.swift; path = AppConfig.swift; sourceTree = "<group>"; };
		23E146E41F796FF200ECCC32 /* FontAwesomeKit.framework */ = {isa = PBXFileReference; explicitFileType = wrapper.framework; path = FontAwesomeKit.framework; sourceTree = BUILT_PRODUCTS_DIR; };
		23E146E61F796FF900ECCC32 /* Reachability.framework */ = {isa = PBXFileReference; explicitFileType = wrapper.framework; path = Reachability.framework; sourceTree = BUILT_PRODUCTS_DIR; };
		23EA78711F72184C0017E47E /* AuthenticView.swift */ = {isa = PBXFileReference; lastKnownFileType = sourcecode.swift; path = AuthenticView.swift; sourceTree = "<group>"; };
		23EA78731F7218640017E47E /* AuthenticView.xib */ = {isa = PBXFileReference; lastKnownFileType = file.xib; path = AuthenticView.xib; sourceTree = "<group>"; };
		23EA78751F72301E0017E47E /* AuthenticViewController.swift */ = {isa = PBXFileReference; lastKnownFileType = sourcecode.swift; path = AuthenticViewController.swift; sourceTree = "<group>"; };
		23F09A1F1F780BB1005654F0 /* PoupMenu.swift */ = {isa = PBXFileReference; lastKnownFileType = sourcecode.swift; path = PoupMenu.swift; sourceTree = "<group>"; };
		23F0E0CF1F76C333007D3A19 /* UIColor+Wrap.swift */ = {isa = PBXFileReference; lastKnownFileType = sourcecode.swift; path = "UIColor+Wrap.swift"; sourceTree = "<group>"; };
		2D94BC7DF7ED4D5918AED574 /* Pods_NuskinVN_CRM.framework */ = {isa = PBXFileReference; explicitFileType = wrapper.framework; includeInIndex = 0; path = Pods_NuskinVN_CRM.framework; sourceTree = BUILT_PRODUCTS_DIR; };
		439F154476C523B8B17C9702 /* Pods-NuskinVN CRMTests.release.xcconfig */ = {isa = PBXFileReference; includeInIndex = 1; lastKnownFileType = text.xcconfig; name = "Pods-NuskinVN CRMTests.release.xcconfig"; path = "Pods/Target Support Files/Pods-NuskinVN CRMTests/Pods-NuskinVN CRMTests.release.xcconfig"; sourceTree = "<group>"; };
		C03969FBF191BE37AEAE9D1D /* Pods-NuskinVN CRM.debug.xcconfig */ = {isa = PBXFileReference; includeInIndex = 1; lastKnownFileType = text.xcconfig; name = "Pods-NuskinVN CRM.debug.xcconfig"; path = "Pods/Target Support Files/Pods-NuskinVN CRM/Pods-NuskinVN CRM.debug.xcconfig"; sourceTree = "<group>"; };
		E263CF41350414D7107F36B8 /* Pods-NuskinVN CRMTests.debug.xcconfig */ = {isa = PBXFileReference; includeInIndex = 1; lastKnownFileType = text.xcconfig; name = "Pods-NuskinVN CRMTests.debug.xcconfig"; path = "Pods/Target Support Files/Pods-NuskinVN CRMTests/Pods-NuskinVN CRMTests.debug.xcconfig"; sourceTree = "<group>"; };
		F707DCBFE1671896F88A7250 /* Pods_NuskinVN_CRMTests.framework */ = {isa = PBXFileReference; explicitFileType = wrapper.framework; includeInIndex = 0; path = Pods_NuskinVN_CRMTests.framework; sourceTree = BUILT_PRODUCTS_DIR; };
/* End PBXFileReference section */

/* Begin PBXFrameworksBuildPhase section */
		23CAF80D1F7207FC0016DBDF /* Frameworks */ = {
			isa = PBXFrameworksBuildPhase;
			buildActionMask = 2147483647;
			files = (
				23E146E51F796FF900ECCC32 /* Reachability.framework in Frameworks */,
				23E146E31F796FF200ECCC32 /* FontAwesomeKit.framework in Frameworks */,
				232D2CFE1F76C7BD00B93B45 /* SystemConfiguration.framework in Frameworks */,
				2338A2BF1F72ADB400B74AB4 /* libsqlite3.tbd in Frameworks */,
				0FA6BF581FF292F7B044A7F1 /* Pods_NuskinVN_CRM.framework in Frameworks */,
			);
			runOnlyForDeploymentPostprocessing = 0;
		};
		23CAF8241F7207FC0016DBDF /* Frameworks */ = {
			isa = PBXFrameworksBuildPhase;
			buildActionMask = 2147483647;
			files = (
				41179C7AAAECBD6682B70CD1 /* Pods_NuskinVN_CRMTests.framework in Frameworks */,
			);
			runOnlyForDeploymentPostprocessing = 0;
		};
/* End PBXFrameworksBuildPhase section */

/* Begin PBXGroup section */
		20C319186689186F00805363 /* Pods */ = {
			isa = PBXGroup;
			children = (
				C03969FBF191BE37AEAE9D1D /* Pods-NuskinVN CRM.debug.xcconfig */,
				160D3B1D7895AA06D191ECBA /* Pods-NuskinVN CRM.release.xcconfig */,
				E263CF41350414D7107F36B8 /* Pods-NuskinVN CRMTests.debug.xcconfig */,
				439F154476C523B8B17C9702 /* Pods-NuskinVN CRMTests.release.xcconfig */,
			);
			name = Pods;
			sourceTree = "<group>";
		};
		230248771F753C4100177679 /* Components */ = {
			isa = PBXGroup;
			children = (
				239CB0DE1F7EB87900E42781 /* CView */,
				23F09A1E1F780B93005654F0 /* PopupMenu */,
				2365D4D21F77AAA700673903 /* UIImage */,
				23F0E0CE1F76C310007D3A19 /* Color */,
				230248801F755D3000177679 /* CMessage */,
				2302487B1F7547A100177679 /* CButton */,
				230248781F753C4A00177679 /* CInput */,
			);
			path = Components;
			sourceTree = "<group>";
		};
		230248781F753C4A00177679 /* CInput */ = {
			isa = PBXGroup;
			children = (
				230248791F753CAD00177679 /* CInput.swift */,
			);
			path = CInput;
			sourceTree = "<group>";
		};
		2302487B1F7547A100177679 /* CButton */ = {
			isa = PBXGroup;
			children = (
				2365D4D01F77A9C700673903 /* CButtonChart.swift */,
				2302487C1F7547B600177679 /* CButton.swift */,
			);
			path = CButton;
			sourceTree = "<group>";
		};
		230248801F755D3000177679 /* CMessage */ = {
			isa = PBXGroup;
			children = (
				230248811F755DF800177679 /* CMessageLabel.swift */,
			);
			path = CMessage;
			sourceTree = "<group>";
		};
		230248831F7569B000177679 /* CustomAlertController */ = {
			isa = PBXGroup;
			children = (
				230248841F7569ED00177679 /* CustomAlertController.swift */,
				230248851F7569ED00177679 /* CustomAlertController.xib */,
			);
			path = CustomAlertController;
			sourceTree = "<group>";
		};
		232F173B1F74C8E50053A87D /* MenuView */ = {
			isa = PBXGroup;
			children = (
				232F17491F74CA170053A87D /* MenuListView.swift */,
				232F174B1F74CA250053A87D /* MenuListView.xib */,
			);
			path = MenuView;
			sourceTree = "<group>";
		};
		232F173C1F74C8F50053A87D /* DashboardView */ = {
			isa = PBXGroup;
			children = (
				2365D4D91F77C81700673903 /* BirthdayCustomerListView */,
				23BB51BA1F763F8D005FC2C7 /* ChartStatisticsOrder */,
				23BB51B91F763F76005FC2C7 /* ChartStatisticsCustomer */,
				23BB51B81F763F04005FC2C7 /* ChartStatisticsSales */,
				23BB51B31F761E8E005FC2C7 /* TotalSummaryView */,
				232F174D1F74F7140053A87D /* DashboardView.swift */,
				232F174F1F74F7210053A87D /* DashboardView.xib */,
			);
			path = DashboardView;
			sourceTree = "<group>";
		};
		232F173D1F74C9020053A87D /* CustomerManageView */ = {
			isa = PBXGroup;
			children = (
			);
			path = CustomerManageView;
			sourceTree = "<group>";
		};
		232F173E1F74C9130053A87D /* OrderManageView */ = {
			isa = PBXGroup;
			children = (
				23D31D031F7BE4BA00BCD198 /* OrderManageView.swift */,
				23D31D051F7BE4C600BCD198 /* OrderManageView.xib */,
			);
			path = OrderManageView;
			sourceTree = "<group>";
		};
		232F173F1F74C91D0053A87D /* SettingView */ = {
			isa = PBXGroup;
			children = (
			);
			path = SettingView;
			sourceTree = "<group>";
		};
		232F17401F74C9250053A87D /* CustomerServiceView */ = {
			isa = PBXGroup;
			children = (
			);
			path = CustomerServiceView;
			sourceTree = "<group>";
		};
		2356DFF41F736AAC00134A73 /* Objects */ = {
			isa = PBXGroup;
			children = (
				2356DFF51F736B1B00134A73 /* GroupCustomer.swift */,
				2356DFF71F736B3200134A73 /* Customer.swift */,
			);
			path = Objects;
			sourceTree = "<group>";
		};
		2357220B1F7D58170096A636 /* Font */ = {
			isa = PBXGroup;
			children = (
				2357220C1F7D58170096A636 /* Roboto-Medium.ttf */,
				2357220D1F7D58170096A636 /* Roboto-Light.ttf */,
				2357220E1F7D58170096A636 /* RobotoCondensed-Bold.ttf */,
				2357220F1F7D58170096A636 /* RobotoCondensed-Light.ttf */,
				235722101F7D58170096A636 /* Roboto-Regular.ttf */,
				235722111F7D58170096A636 /* Roboto-MediumItalic.ttf */,
				235722121F7D58170096A636 /* RobotoCondensed-Italic.ttf */,
				235722131F7D58170096A636 /* RobotoCondensed-BoldItalic.ttf */,
				235722141F7D58170096A636 /* RobotoCondensed-LightItalic.ttf */,
				235722151F7D58170096A636 /* Roboto-ThinItalic.ttf */,
				235722161F7D58170096A636 /* RobotoCondensed-Regular.ttf */,
				235722171F7D58170096A636 /* Roboto-BoldItalic.ttf */,
				235722181F7D58170096A636 /* Roboto-LightItalic.ttf */,
				235722191F7D58170096A636 /* Roboto-Italic.ttf */,
				2357221A1F7D58170096A636 /* Roboto-BlackItalic.ttf */,
				2357221B1F7D58170096A636 /* Roboto-Bold.ttf */,
				2357221C1F7D58170096A636 /* Roboto-Thin.ttf */,
				2357221D1F7D58170096A636 /* Roboto-Black.ttf */,
			);
			path = Font;
			sourceTree = "<group>";
		};
		2365D4D21F77AAA700673903 /* UIImage */ = {
			isa = PBXGroup;
			children = (
				2365D4D31F77AAC200673903 /* UIImage+Wrap.swift */,
				2351E34E1F7B55DF00BC228A /* UIImageView+Wrap.swift */,
			);
			path = UIImage;
			sourceTree = "<group>";
		};
		2365D4D91F77C81700673903 /* BirthdayCustomerListView */ = {
			isa = PBXGroup;
			children = (
				2365D4DA1F77C83500673903 /* BirthdayCustomerListView.swift */,
				2365D4DC1F77C84000673903 /* BirthdayCustomerListView.xib */,
				2365D4DE1F77D50E00673903 /* CustomerBlockView.xib */,
			);
			path = BirthdayCustomerListView;
			sourceTree = "<group>";
		};
		237F84B41F72DF5C008B4822 /* Services */ = {
			isa = PBXGroup;
			children = (
				237F84B51F72DF73008B4822 /* LocalService.swift */,
			);
			path = Services;
			sourceTree = "<group>";
		};
		239CB0DE1F7EB87900E42781 /* CView */ = {
			isa = PBXGroup;
			children = (
				239CB0DF1F7EB88800E42781 /* CView.swift */,
			);
			path = CView;
			sourceTree = "<group>";
		};
		23BB51B31F761E8E005FC2C7 /* TotalSummaryView */ = {
			isa = PBXGroup;
			children = (
				23BB51B41F761ED9005FC2C7 /* TotalSummaryView.swift */,
				23BB51B61F761F0A005FC2C7 /* TotalSummaryView.xib */,
			);
			path = TotalSummaryView;
			sourceTree = "<group>";
		};
		23BB51B81F763F04005FC2C7 /* ChartStatisticsSales */ = {
			isa = PBXGroup;
			children = (
				232D2D011F76C83400B93B45 /* ChartStatisticsSales.swift */,
				232D2CFF1F76C81E00B93B45 /* ChartStatisticsSales.xib */,
			);
			path = ChartStatisticsSales;
			sourceTree = "<group>";
		};
		23BB51B91F763F76005FC2C7 /* ChartStatisticsCustomer */ = {
			isa = PBXGroup;
			children = (
				2365D4D51F77B41300673903 /* ChartStatisticsCustomer.swift */,
				2365D4D61F77B41300673903 /* ChartStatisticsCustomer.xib */,
			);
			path = ChartStatisticsCustomer;
			sourceTree = "<group>";
		};
		23BB51BA1F763F8D005FC2C7 /* ChartStatisticsOrder */ = {
			isa = PBXGroup;
			children = (
				2365D4CC1F77A0A100673903 /* ChartStatisticsOrder.swift */,
				2365D4CD1F77A0A100673903 /* ChartStatisticsOrder.xib */,
			);
			path = ChartStatisticsOrder;
			sourceTree = "<group>";
		};
		23CAF8071F7207FC0016DBDF = {
			isa = PBXGroup;
			children = (
				23CAF8121F7207FC0016DBDF /* NuskinVN CRM */,
				23CAF82A1F7207FC0016DBDF /* NuskinVN CRMTests */,
				23CAF8111F7207FC0016DBDF /* Products */,
				20C319186689186F00805363 /* Pods */,
				E2E3A72B501FF952DC187C8F /* Frameworks */,
			);
			sourceTree = "<group>";
		};
		23CAF8111F7207FC0016DBDF /* Products */ = {
			isa = PBXGroup;
			children = (
				23CAF8101F7207FC0016DBDF /* NuskinVN CRM.app */,
				23CAF8271F7207FC0016DBDF /* NuskinVN CRMTests.xctest */,
			);
			name = Products;
			sourceTree = "<group>";
		};
		23CAF8121F7207FC0016DBDF /* NuskinVN CRM */ = {
			isa = PBXGroup;
			children = (
				230248771F753C4100177679 /* Components */,
				2356DFF41F736AAC00134A73 /* Objects */,
				237F84B41F72DF5C008B4822 /* Services */,
				23DEDE371F72CBB8003D4097 /* Common */,
				23E1ACBC1F7215FD0042DD44 /* Views */,
				23E1ACBB1F7215F50042DD44 /* Controllers */,
				23E1ACBA1F7215D90042DD44 /* Support */,
			);
			path = "NuskinVN CRM";
			sourceTree = "<group>";
		};
		23CAF82A1F7207FC0016DBDF /* NuskinVN CRMTests */ = {
			isa = PBXGroup;
			children = (
				23CAF82B1F7207FC0016DBDF /* NuskinVN_CRMTests.swift */,
				23CAF82D1F7207FC0016DBDF /* Info.plist */,
			);
			path = "NuskinVN CRMTests";
			sourceTree = "<group>";
		};
		23DEDE371F72CBB8003D4097 /* Common */ = {
			isa = PBXGroup;
			children = (
				23DEDE381F72CBD7003D4097 /* AppConfig.swift */,
			);
			path = Common;
			sourceTree = "<group>";
		};
		23E1ACBA1F7215D90042DD44 /* Support */ = {
			isa = PBXGroup;
			children = (
				2357220B1F7D58170096A636 /* Font */,
				2338A2BC1F72AD7600B74AB4 /* crm.db */,
				23CAF81D1F7207FC0016DBDF /* Assets.xcassets */,
				23CAF8221F7207FC0016DBDF /* Info.plist */,
				23CAF8131F7207FC0016DBDF /* AppDelegate.swift */,
				2338A2B31F72A92700B74AB4 /* README.md */,
				2338A2BA1F72AA5800B74AB4 /* Localizable.strings */,
				2302487E1F755B4D00177679 /* Support.swift */,
				232D2D031F76CB5200B93B45 /* Theme.swift */,
				2335A2301F7DEA7200D8A47E /* Launch Screen.storyboard */,
			);
			path = Support;
			sourceTree = "<group>";
		};
		23E1ACBB1F7215F50042DD44 /* Controllers */ = {
			isa = PBXGroup;
			children = (
				230248831F7569B000177679 /* CustomAlertController */,
				231C72131F72BD4F00654621 /* RootViewController.swift */,
				23EA78751F72301E0017E47E /* AuthenticViewController.swift */,
				232F17371F74C7FD0053A87D /* DashboardViewController.swift */,
				232F17391F74C80B0053A87D /* MenuViewController.swift */,
				232F17411F74C9650053A87D /* CustomerListViewController.swift */,
				232F17431F74C9740053A87D /* OrderManagerViewController.swift */,
				232F17451F74C9880053A87D /* SettingListViewController.swift */,
				232F17471F74C99B0053A87D /* InfoListViewController.swift */,
			);
			path = Controllers;
			sourceTree = "<group>";
		};
		23E1ACBC1F7215FD0042DD44 /* Views */ = {
			isa = PBXGroup;
			children = (
				232F17401F74C9250053A87D /* CustomerServiceView */,
				232F173F1F74C91D0053A87D /* SettingView */,
				232F173E1F74C9130053A87D /* OrderManageView */,
				232F173D1F74C9020053A87D /* CustomerManageView */,
				232F173C1F74C8F50053A87D /* DashboardView */,
				232F173B1F74C8E50053A87D /* MenuView */,
				23EA78701F72182A0017E47E /* AuthenticView */,
			);
			path = Views;
			sourceTree = "<group>";
		};
		23EA78701F72182A0017E47E /* AuthenticView */ = {
			isa = PBXGroup;
			children = (
				23EA78711F72184C0017E47E /* AuthenticView.swift */,
				23EA78731F7218640017E47E /* AuthenticView.xib */,
			);
			path = AuthenticView;
			sourceTree = "<group>";
		};
		23F09A1E1F780B93005654F0 /* PopupMenu */ = {
			isa = PBXGroup;
			children = (
				23F09A1F1F780BB1005654F0 /* PoupMenu.swift */,
			);
			path = PopupMenu;
			sourceTree = "<group>";
		};
		23F0E0CE1F76C310007D3A19 /* Color */ = {
			isa = PBXGroup;
			children = (
				23F0E0CF1F76C333007D3A19 /* UIColor+Wrap.swift */,
			);
			path = Color;
			sourceTree = "<group>";
		};
		E2E3A72B501FF952DC187C8F /* Frameworks */ = {
			isa = PBXGroup;
			children = (
				23E146E61F796FF900ECCC32 /* Reachability.framework */,
				23E146E41F796FF200ECCC32 /* FontAwesomeKit.framework */,
				232D2CFD1F76C7BC00B93B45 /* SystemConfiguration.framework */,
				2338A2BE1F72ADB400B74AB4 /* libsqlite3.tbd */,
				2D94BC7DF7ED4D5918AED574 /* Pods_NuskinVN_CRM.framework */,
				F707DCBFE1671896F88A7250 /* Pods_NuskinVN_CRMTests.framework */,
			);
			name = Frameworks;
			sourceTree = "<group>";
		};
/* End PBXGroup section */

/* Begin PBXNativeTarget section */
		23CAF80F1F7207FC0016DBDF /* NuskinVN CRM */ = {
			isa = PBXNativeTarget;
			buildConfigurationList = 23CAF8301F7207FC0016DBDF /* Build configuration list for PBXNativeTarget "NuskinVN CRM" */;
			buildPhases = (
				7AD7A79E62BE21B3CB76F9E6 /* [CP] Check Pods Manifest.lock */,
				23CAF80C1F7207FC0016DBDF /* Sources */,
				23CAF80D1F7207FC0016DBDF /* Frameworks */,
				23CAF80E1F7207FC0016DBDF /* Resources */,
				217C17E800656E2E9834FCCF /* [CP] Embed Pods Frameworks */,
				A5A690D4523D23EF79EDE79C /* [CP] Copy Pods Resources */,
			);
			buildRules = (
			);
			dependencies = (
			);
			name = "NuskinVN CRM";
			productName = "NuskinVN CRM";
			productReference = 23CAF8101F7207FC0016DBDF /* NuskinVN CRM.app */;
			productType = "com.apple.product-type.application";
		};
		23CAF8261F7207FC0016DBDF /* NuskinVN CRMTests */ = {
			isa = PBXNativeTarget;
			buildConfigurationList = 23CAF8331F7207FC0016DBDF /* Build configuration list for PBXNativeTarget "NuskinVN CRMTests" */;
			buildPhases = (
				BC2A9245CF5CD1593849BFFB /* [CP] Check Pods Manifest.lock */,
				23CAF8231F7207FC0016DBDF /* Sources */,
				23CAF8241F7207FC0016DBDF /* Frameworks */,
				23CAF8251F7207FC0016DBDF /* Resources */,
				9FE972AFB0519DC871C860C2 /* [CP] Embed Pods Frameworks */,
				84077505BD3A7DEA93ECF91B /* [CP] Copy Pods Resources */,
			);
			buildRules = (
			);
			dependencies = (
				23CAF8291F7207FC0016DBDF /* PBXTargetDependency */,
			);
			name = "NuskinVN CRMTests";
			productName = "NuskinVN CRMTests";
			productReference = 23CAF8271F7207FC0016DBDF /* NuskinVN CRMTests.xctest */;
			productType = "com.apple.product-type.bundle.unit-test";
		};
/* End PBXNativeTarget section */

/* Begin PBXProject section */
		23CAF8081F7207FC0016DBDF /* Project object */ = {
			isa = PBXProject;
			attributes = {
				LastSwiftUpdateCheck = 0900;
				LastUpgradeCheck = 0900;
				ORGANIZATIONNAME = "Dai Pham";
				TargetAttributes = {
					23CAF80F1F7207FC0016DBDF = {
						CreatedOnToolsVersion = 9.0;
						ProvisioningStyle = Automatic;
					};
					23CAF8261F7207FC0016DBDF = {
						CreatedOnToolsVersion = 9.0;
						ProvisioningStyle = Automatic;
						TestTargetID = 23CAF80F1F7207FC0016DBDF;
					};
				};
			};
			buildConfigurationList = 23CAF80B1F7207FC0016DBDF /* Build configuration list for PBXProject "NuskinVN CRM" */;
			compatibilityVersion = "Xcode 8.0";
			developmentRegion = en;
			hasScannedForEncodings = 0;
			knownRegions = (
				en,
				Base,
				vi,
			);
			mainGroup = 23CAF8071F7207FC0016DBDF;
			productRefGroup = 23CAF8111F7207FC0016DBDF /* Products */;
			projectDirPath = "";
			projectRoot = "";
			targets = (
				23CAF80F1F7207FC0016DBDF /* NuskinVN CRM */,
				23CAF8261F7207FC0016DBDF /* NuskinVN CRMTests */,
			);
		};
/* End PBXProject section */

/* Begin PBXResourcesBuildPhase section */
		23CAF80E1F7207FC0016DBDF /* Resources */ = {
			isa = PBXResourcesBuildPhase;
			buildActionMask = 2147483647;
			files = (
				2338A2B81F72AA5800B74AB4 /* Localizable.strings in Resources */,
				2357222C1F7D58170096A636 /* Roboto-BlackItalic.ttf in Resources */,
				2357222D1F7D58170096A636 /* Roboto-Bold.ttf in Resources */,
				235722261F7D58170096A636 /* RobotoCondensed-LightItalic.ttf in Resources */,
				2365D4DD1F77C84000673903 /* BirthdayCustomerListView.xib in Resources */,
				23D31D061F7BE4C600BCD198 /* OrderManageView.xib in Resources */,
				2335A2311F7DEA7200D8A47E /* Launch Screen.storyboard in Resources */,
				235722291F7D58170096A636 /* Roboto-BoldItalic.ttf in Resources */,
				2338A2BD1F72AD7600B74AB4 /* crm.db in Resources */,
				23BB51B71F761F0A005FC2C7 /* TotalSummaryView.xib in Resources */,
				2357221E1F7D58170096A636 /* Roboto-Medium.ttf in Resources */,
				2357221F1F7D58170096A636 /* Roboto-Light.ttf in Resources */,
				2357222F1F7D58170096A636 /* Roboto-Black.ttf in Resources */,
				232D2D001F76C81E00B93B45 /* ChartStatisticsSales.xib in Resources */,
				23CAF81E1F7207FC0016DBDF /* Assets.xcassets in Resources */,
				23EA78741F7218640017E47E /* AuthenticView.xib in Resources */,
				235722211F7D58170096A636 /* RobotoCondensed-Light.ttf in Resources */,
				235722271F7D58170096A636 /* Roboto-ThinItalic.ttf in Resources */,
				2357222A1F7D58170096A636 /* Roboto-LightItalic.ttf in Resources */,
				232F174C1F74CA250053A87D /* MenuListView.xib in Resources */,
				2365D4DF1F77D50E00673903 /* CustomerBlockView.xib in Resources */,
				2365D4D81F77B41300673903 /* ChartStatisticsCustomer.xib in Resources */,
				2357222E1F7D58170096A636 /* Roboto-Thin.ttf in Resources */,
				235722201F7D58170096A636 /* RobotoCondensed-Bold.ttf in Resources */,
				235722221F7D58170096A636 /* Roboto-Regular.ttf in Resources */,
				235722231F7D58170096A636 /* Roboto-MediumItalic.ttf in Resources */,
				235722241F7D58170096A636 /* RobotoCondensed-Italic.ttf in Resources */,
				235722251F7D58170096A636 /* RobotoCondensed-BoldItalic.ttf in Resources */,
				232F17501F74F7210053A87D /* DashboardView.xib in Resources */,
				2365D4CF1F77A0A100673903 /* ChartStatisticsOrder.xib in Resources */,
				2357222B1F7D58170096A636 /* Roboto-Italic.ttf in Resources */,
				235722281F7D58170096A636 /* RobotoCondensed-Regular.ttf in Resources */,
				230248871F7569ED00177679 /* CustomAlertController.xib in Resources */,
			);
			runOnlyForDeploymentPostprocessing = 0;
		};
		23CAF8251F7207FC0016DBDF /* Resources */ = {
			isa = PBXResourcesBuildPhase;
			buildActionMask = 2147483647;
			files = (
			);
			runOnlyForDeploymentPostprocessing = 0;
		};
/* End PBXResourcesBuildPhase section */

/* Begin PBXShellScriptBuildPhase section */
		217C17E800656E2E9834FCCF /* [CP] Embed Pods Frameworks */ = {
			isa = PBXShellScriptBuildPhase;
			buildActionMask = 2147483647;
			files = (
			);
			inputPaths = (
				"${SRCROOT}/Pods/Target Support Files/Pods-NuskinVN CRM/Pods-NuskinVN CRM-frameworks.sh",
				"${BUILT_PRODUCTS_DIR}/Alamofire/Alamofire.framework",
				"${BUILT_PRODUCTS_DIR}/Charts/Charts.framework",
				"${BUILT_PRODUCTS_DIR}/FontAwesomeKit/FontAwesomeKit.framework",
				"${BUILT_PRODUCTS_DIR}/Localize-Swift/Localize_Swift.framework",
				"${BUILT_PRODUCTS_DIR}/Reachability/Reachability.framework",
				"${BUILT_PRODUCTS_DIR}/SQLite.swift/SQLite.framework",
			);
			name = "[CP] Embed Pods Frameworks";
			outputPaths = (
				"${TARGET_BUILD_DIR}/${FRAMEWORKS_FOLDER_PATH}/Alamofire.framework",
				"${TARGET_BUILD_DIR}/${FRAMEWORKS_FOLDER_PATH}/Charts.framework",
				"${TARGET_BUILD_DIR}/${FRAMEWORKS_FOLDER_PATH}/FontAwesomeKit.framework",
				"${TARGET_BUILD_DIR}/${FRAMEWORKS_FOLDER_PATH}/Localize_Swift.framework",
				"${TARGET_BUILD_DIR}/${FRAMEWORKS_FOLDER_PATH}/Reachability.framework",
				"${TARGET_BUILD_DIR}/${FRAMEWORKS_FOLDER_PATH}/SQLite.framework",
			);
			runOnlyForDeploymentPostprocessing = 0;
			shellPath = /bin/sh;
			shellScript = "\"${SRCROOT}/Pods/Target Support Files/Pods-NuskinVN CRM/Pods-NuskinVN CRM-frameworks.sh\"\n";
			showEnvVarsInLog = 0;
		};
		7AD7A79E62BE21B3CB76F9E6 /* [CP] Check Pods Manifest.lock */ = {
			isa = PBXShellScriptBuildPhase;
			buildActionMask = 2147483647;
			files = (
			);
			inputPaths = (
				"${PODS_PODFILE_DIR_PATH}/Podfile.lock",
				"${PODS_ROOT}/Manifest.lock",
			);
			name = "[CP] Check Pods Manifest.lock";
			outputPaths = (
				"$(DERIVED_FILE_DIR)/Pods-NuskinVN CRM-checkManifestLockResult.txt",
			);
			runOnlyForDeploymentPostprocessing = 0;
			shellPath = /bin/sh;
			shellScript = "diff \"${PODS_PODFILE_DIR_PATH}/Podfile.lock\" \"${PODS_ROOT}/Manifest.lock\" > /dev/null\nif [ $? != 0 ] ; then\n    # print error to STDERR\n    echo \"error: The sandbox is not in sync with the Podfile.lock. Run 'pod install' or update your CocoaPods installation.\" >&2\n    exit 1\nfi\n# This output is used by Xcode 'outputs' to avoid re-running this script phase.\necho \"SUCCESS\" > \"${SCRIPT_OUTPUT_FILE_0}\"\n";
			showEnvVarsInLog = 0;
		};
		84077505BD3A7DEA93ECF91B /* [CP] Copy Pods Resources */ = {
			isa = PBXShellScriptBuildPhase;
			buildActionMask = 2147483647;
			files = (
			);
			inputPaths = (
			);
			name = "[CP] Copy Pods Resources";
			outputPaths = (
			);
			runOnlyForDeploymentPostprocessing = 0;
			shellPath = /bin/sh;
			shellScript = "\"${SRCROOT}/Pods/Target Support Files/Pods-NuskinVN CRMTests/Pods-NuskinVN CRMTests-resources.sh\"\n";
			showEnvVarsInLog = 0;
		};
		9FE972AFB0519DC871C860C2 /* [CP] Embed Pods Frameworks */ = {
			isa = PBXShellScriptBuildPhase;
			buildActionMask = 2147483647;
			files = (
			);
			inputPaths = (
			);
			name = "[CP] Embed Pods Frameworks";
			outputPaths = (
			);
			runOnlyForDeploymentPostprocessing = 0;
			shellPath = /bin/sh;
			shellScript = "\"${SRCROOT}/Pods/Target Support Files/Pods-NuskinVN CRMTests/Pods-NuskinVN CRMTests-frameworks.sh\"\n";
			showEnvVarsInLog = 0;
		};
		A5A690D4523D23EF79EDE79C /* [CP] Copy Pods Resources */ = {
			isa = PBXShellScriptBuildPhase;
			buildActionMask = 2147483647;
			files = (
			);
			inputPaths = (
			);
			name = "[CP] Copy Pods Resources";
			outputPaths = (
			);
			runOnlyForDeploymentPostprocessing = 0;
			shellPath = /bin/sh;
			shellScript = "\"${SRCROOT}/Pods/Target Support Files/Pods-NuskinVN CRM/Pods-NuskinVN CRM-resources.sh\"\n";
			showEnvVarsInLog = 0;
		};
		BC2A9245CF5CD1593849BFFB /* [CP] Check Pods Manifest.lock */ = {
			isa = PBXShellScriptBuildPhase;
			buildActionMask = 2147483647;
			files = (
			);
			inputPaths = (
				"${PODS_PODFILE_DIR_PATH}/Podfile.lock",
				"${PODS_ROOT}/Manifest.lock",
			);
			name = "[CP] Check Pods Manifest.lock";
			outputPaths = (
				"$(DERIVED_FILE_DIR)/Pods-NuskinVN CRMTests-checkManifestLockResult.txt",
			);
			runOnlyForDeploymentPostprocessing = 0;
			shellPath = /bin/sh;
			shellScript = "diff \"${PODS_PODFILE_DIR_PATH}/Podfile.lock\" \"${PODS_ROOT}/Manifest.lock\" > /dev/null\nif [ $? != 0 ] ; then\n    # print error to STDERR\n    echo \"error: The sandbox is not in sync with the Podfile.lock. Run 'pod install' or update your CocoaPods installation.\" >&2\n    exit 1\nfi\n# This output is used by Xcode 'outputs' to avoid re-running this script phase.\necho \"SUCCESS\" > \"${SCRIPT_OUTPUT_FILE_0}\"\n";
			showEnvVarsInLog = 0;
		};
/* End PBXShellScriptBuildPhase section */

/* Begin PBXSourcesBuildPhase section */
		23CAF80C1F7207FC0016DBDF /* Sources */ = {
			isa = PBXSourcesBuildPhase;
			buildActionMask = 2147483647;
			files = (
				230248861F7569ED00177679 /* CustomAlertController.swift in Sources */,
				23EA78721F72184C0017E47E /* AuthenticView.swift in Sources */,
				23BB51B51F761ED9005FC2C7 /* TotalSummaryView.swift in Sources */,
				232F174E1F74F7140053A87D /* DashboardView.swift in Sources */,
				230248821F755DF800177679 /* CMessageLabel.swift in Sources */,
				232F173A1F74C80B0053A87D /* MenuViewController.swift in Sources */,
				232F17481F74C99B0053A87D /* InfoListViewController.swift in Sources */,
				2302487F1F755B4D00177679 /* Support.swift in Sources */,
				239CB0E01F7EB88800E42781 /* CView.swift in Sources */,
				232F17421F74C9650053A87D /* CustomerListViewController.swift in Sources */,
				232F17461F74C9880053A87D /* SettingListViewController.swift in Sources */,
				2365D4CE1F77A0A100673903 /* ChartStatisticsOrder.swift in Sources */,
				2365D4D41F77AAC200673903 /* UIImage+Wrap.swift in Sources */,
				232F17381F74C7FD0053A87D /* DashboardViewController.swift in Sources */,
				232F174A1F74CA170053A87D /* MenuListView.swift in Sources */,
				232D2D041F76CB5200B93B45 /* Theme.swift in Sources */,
				23DEDE391F72CBD7003D4097 /* AppConfig.swift in Sources */,
				23F0E0D01F76C333007D3A19 /* UIColor+Wrap.swift in Sources */,
				23F09A201F780BB1005654F0 /* PoupMenu.swift in Sources */,
				2351E34F1F7B55DF00BC228A /* UIImageView+Wrap.swift in Sources */,
				2365D4D71F77B41300673903 /* ChartStatisticsCustomer.swift in Sources */,
				2356DFF61F736B1B00134A73 /* GroupCustomer.swift in Sources */,
				2365D4DB1F77C83500673903 /* BirthdayCustomerListView.swift in Sources */,
				2302487A1F753CAD00177679 /* CInput.swift in Sources */,
				2356DFF81F736B3200134A73 /* Customer.swift in Sources */,
				232F17441F74C9740053A87D /* OrderManagerViewController.swift in Sources */,
				232D2D021F76C83400B93B45 /* ChartStatisticsSales.swift in Sources */,
				23D31D041F7BE4BA00BCD198 /* OrderManageView.swift in Sources */,
				23EA78761F72301E0017E47E /* AuthenticViewController.swift in Sources */,
				231C72141F72BD4F00654621 /* RootViewController.swift in Sources */,
				23CAF8141F7207FC0016DBDF /* AppDelegate.swift in Sources */,
				2365D4D11F77A9C700673903 /* CButtonChart.swift in Sources */,
				237F84B61F72DF73008B4822 /* LocalService.swift in Sources */,
				2302487D1F7547B600177679 /* CButton.swift in Sources */,
			);
			runOnlyForDeploymentPostprocessing = 0;
		};
		23CAF8231F7207FC0016DBDF /* Sources */ = {
			isa = PBXSourcesBuildPhase;
			buildActionMask = 2147483647;
			files = (
				23CAF82C1F7207FC0016DBDF /* NuskinVN_CRMTests.swift in Sources */,
			);
			runOnlyForDeploymentPostprocessing = 0;
		};
/* End PBXSourcesBuildPhase section */

/* Begin PBXTargetDependency section */
		23CAF8291F7207FC0016DBDF /* PBXTargetDependency */ = {
			isa = PBXTargetDependency;
			target = 23CAF80F1F7207FC0016DBDF /* NuskinVN CRM */;
			targetProxy = 23CAF8281F7207FC0016DBDF /* PBXContainerItemProxy */;
		};
/* End PBXTargetDependency section */

/* Begin PBXVariantGroup section */
		2338A2BA1F72AA5800B74AB4 /* Localizable.strings */ = {
			isa = PBXVariantGroup;
			children = (
				2338A2B91F72AA5800B74AB4 /* en */,
				2338A2BB1F72AA5E00B74AB4 /* vi */,
			);
			name = Localizable.strings;
			sourceTree = "<group>";
		};
/* End PBXVariantGroup section */

/* Begin XCBuildConfiguration section */
		23CAF82E1F7207FC0016DBDF /* Debug */ = {
			isa = XCBuildConfiguration;
			buildSettings = {
				ALWAYS_SEARCH_USER_PATHS = NO;
				CLANG_ANALYZER_LOCALIZABILITY_NONLOCALIZED = YES;
				CLANG_ANALYZER_NONNULL = YES;
				CLANG_ANALYZER_NUMBER_OBJECT_CONVERSION = YES_AGGRESSIVE;
				CLANG_CXX_LANGUAGE_STANDARD = "gnu++14";
				CLANG_CXX_LIBRARY = "libc++";
				CLANG_ENABLE_MODULES = YES;
				CLANG_ENABLE_OBJC_ARC = YES;
				CLANG_WARN_BLOCK_CAPTURE_AUTORELEASING = YES;
				CLANG_WARN_BOOL_CONVERSION = YES;
				CLANG_WARN_COMMA = YES;
				CLANG_WARN_CONSTANT_CONVERSION = YES;
				CLANG_WARN_DIRECT_OBJC_ISA_USAGE = YES_ERROR;
				CLANG_WARN_DOCUMENTATION_COMMENTS = YES;
				CLANG_WARN_EMPTY_BODY = YES;
				CLANG_WARN_ENUM_CONVERSION = YES;
				CLANG_WARN_INFINITE_RECURSION = YES;
				CLANG_WARN_INT_CONVERSION = YES;
				CLANG_WARN_NON_LITERAL_NULL_CONVERSION = YES;
				CLANG_WARN_OBJC_LITERAL_CONVERSION = YES;
				CLANG_WARN_OBJC_ROOT_CLASS = YES_ERROR;
				CLANG_WARN_RANGE_LOOP_ANALYSIS = YES;
				CLANG_WARN_STRICT_PROTOTYPES = YES;
				CLANG_WARN_SUSPICIOUS_MOVE = YES;
				CLANG_WARN_UNGUARDED_AVAILABILITY = YES_AGGRESSIVE;
				CLANG_WARN_UNREACHABLE_CODE = YES;
				CLANG_WARN__DUPLICATE_METHOD_MATCH = YES;
				CODE_SIGN_IDENTITY = "iPhone Developer";
				COPY_PHASE_STRIP = NO;
				DEBUG_INFORMATION_FORMAT = dwarf;
				ENABLE_STRICT_OBJC_MSGSEND = YES;
				ENABLE_TESTABILITY = YES;
				GCC_C_LANGUAGE_STANDARD = gnu11;
				GCC_DYNAMIC_NO_PIC = NO;
				GCC_NO_COMMON_BLOCKS = YES;
				GCC_OPTIMIZATION_LEVEL = 0;
				GCC_PREPROCESSOR_DEFINITIONS = (
					"DEBUG=1",
					"$(inherited)",
				);
				GCC_WARN_64_TO_32_BIT_CONVERSION = YES;
				GCC_WARN_ABOUT_RETURN_TYPE = YES_ERROR;
				GCC_WARN_UNDECLARED_SELECTOR = YES;
				GCC_WARN_UNINITIALIZED_AUTOS = YES_AGGRESSIVE;
				GCC_WARN_UNUSED_FUNCTION = YES;
				GCC_WARN_UNUSED_VARIABLE = YES;
				IPHONEOS_DEPLOYMENT_TARGET = 9.1;
				MTL_ENABLE_DEBUG_INFO = YES;
				ONLY_ACTIVE_ARCH = YES;
				SDKROOT = iphoneos;
				SWIFT_ACTIVE_COMPILATION_CONDITIONS = DEBUG;
				SWIFT_OPTIMIZATION_LEVEL = "-Onone";
			};
			name = Debug;
		};
		23CAF82F1F7207FC0016DBDF /* Release */ = {
			isa = XCBuildConfiguration;
			buildSettings = {
				ALWAYS_SEARCH_USER_PATHS = NO;
				CLANG_ANALYZER_LOCALIZABILITY_NONLOCALIZED = YES;
				CLANG_ANALYZER_NONNULL = YES;
				CLANG_ANALYZER_NUMBER_OBJECT_CONVERSION = YES_AGGRESSIVE;
				CLANG_CXX_LANGUAGE_STANDARD = "gnu++14";
				CLANG_CXX_LIBRARY = "libc++";
				CLANG_ENABLE_MODULES = YES;
				CLANG_ENABLE_OBJC_ARC = YES;
				CLANG_WARN_BLOCK_CAPTURE_AUTORELEASING = YES;
				CLANG_WARN_BOOL_CONVERSION = YES;
				CLANG_WARN_COMMA = YES;
				CLANG_WARN_CONSTANT_CONVERSION = YES;
				CLANG_WARN_DIRECT_OBJC_ISA_USAGE = YES_ERROR;
				CLANG_WARN_DOCUMENTATION_COMMENTS = YES;
				CLANG_WARN_EMPTY_BODY = YES;
				CLANG_WARN_ENUM_CONVERSION = YES;
				CLANG_WARN_INFINITE_RECURSION = YES;
				CLANG_WARN_INT_CONVERSION = YES;
				CLANG_WARN_NON_LITERAL_NULL_CONVERSION = YES;
				CLANG_WARN_OBJC_LITERAL_CONVERSION = YES;
				CLANG_WARN_OBJC_ROOT_CLASS = YES_ERROR;
				CLANG_WARN_RANGE_LOOP_ANALYSIS = YES;
				CLANG_WARN_STRICT_PROTOTYPES = YES;
				CLANG_WARN_SUSPICIOUS_MOVE = YES;
				CLANG_WARN_UNGUARDED_AVAILABILITY = YES_AGGRESSIVE;
				CLANG_WARN_UNREACHABLE_CODE = YES;
				CLANG_WARN__DUPLICATE_METHOD_MATCH = YES;
				CODE_SIGN_IDENTITY = "iPhone Developer";
				COPY_PHASE_STRIP = NO;
				DEBUG_INFORMATION_FORMAT = "dwarf-with-dsym";
				ENABLE_NS_ASSERTIONS = NO;
				ENABLE_STRICT_OBJC_MSGSEND = YES;
				GCC_C_LANGUAGE_STANDARD = gnu11;
				GCC_NO_COMMON_BLOCKS = YES;
				GCC_WARN_64_TO_32_BIT_CONVERSION = YES;
				GCC_WARN_ABOUT_RETURN_TYPE = YES_ERROR;
				GCC_WARN_UNDECLARED_SELECTOR = YES;
				GCC_WARN_UNINITIALIZED_AUTOS = YES_AGGRESSIVE;
				GCC_WARN_UNUSED_FUNCTION = YES;
				GCC_WARN_UNUSED_VARIABLE = YES;
				IPHONEOS_DEPLOYMENT_TARGET = 9.1;
				MTL_ENABLE_DEBUG_INFO = NO;
				SDKROOT = iphoneos;
				SWIFT_OPTIMIZATION_LEVEL = "-Owholemodule";
				VALIDATE_PRODUCT = YES;
			};
			name = Release;
		};
		23CAF8311F7207FC0016DBDF /* Debug */ = {
			isa = XCBuildConfiguration;
			baseConfigurationReference = C03969FBF191BE37AEAE9D1D /* Pods-NuskinVN CRM.debug.xcconfig */;
			buildSettings = {
				ASSETCATALOG_COMPILER_APPICON_NAME = AppIcon;
				CODE_SIGN_STYLE = Automatic;
				DEVELOPMENT_TEAM = C9E3WU44HT;
				INFOPLIST_FILE = "$(SRCROOT)/NuskinVN CRM/Support/Info.plist";
				IPHONEOS_DEPLOYMENT_TARGET = 10.0;
				LD_RUNPATH_SEARCH_PATHS = "$(inherited) @executable_path/Frameworks";
				PRODUCT_BUNDLE_IDENTIFIER = com.derasoft.nuskinvncrm;
				PRODUCT_NAME = "$(TARGET_NAME)";
				SWIFT_VERSION = 3.0;
				TARGETED_DEVICE_FAMILY = "1,2";
			};
			name = Debug;
		};
		23CAF8321F7207FC0016DBDF /* Release */ = {
			isa = XCBuildConfiguration;
			baseConfigurationReference = 160D3B1D7895AA06D191ECBA /* Pods-NuskinVN CRM.release.xcconfig */;
			buildSettings = {
				ASSETCATALOG_COMPILER_APPICON_NAME = AppIcon;
				CODE_SIGN_STYLE = Automatic;
				DEVELOPMENT_TEAM = C9E3WU44HT;
				INFOPLIST_FILE = "$(SRCROOT)/NuskinVN CRM/Support/Info.plist";
				IPHONEOS_DEPLOYMENT_TARGET = 10.0;
				LD_RUNPATH_SEARCH_PATHS = "$(inherited) @executable_path/Frameworks";
				PRODUCT_BUNDLE_IDENTIFIER = com.derasoft.nuskinvncrm;
				PRODUCT_NAME = "$(TARGET_NAME)";
				SWIFT_VERSION = 3.0;
				TARGETED_DEVICE_FAMILY = "1,2";
			};
			name = Release;
		};
		23CAF8341F7207FC0016DBDF /* Debug */ = {
			isa = XCBuildConfiguration;
			baseConfigurationReference = E263CF41350414D7107F36B8 /* Pods-NuskinVN CRMTests.debug.xcconfig */;
			buildSettings = {
				ALWAYS_EMBED_SWIFT_STANDARD_LIBRARIES = YES;
				BUNDLE_LOADER = "$(TEST_HOST)";
				CODE_SIGN_STYLE = Automatic;
				INFOPLIST_FILE = "NuskinVN CRMTests/Info.plist";
				LD_RUNPATH_SEARCH_PATHS = "$(inherited) @executable_path/Frameworks @loader_path/Frameworks";
				PRODUCT_BUNDLE_IDENTIFIER = "derasoft.com.nuskin.NuskinVN-CRMTests";
				PRODUCT_NAME = "$(TARGET_NAME)";
				SWIFT_VERSION = 4.0;
				TARGETED_DEVICE_FAMILY = "1,2";
				TEST_HOST = "$(BUILT_PRODUCTS_DIR)/NuskinVN CRM.app/NuskinVN CRM";
			};
			name = Debug;
		};
		23CAF8351F7207FC0016DBDF /* Release */ = {
			isa = XCBuildConfiguration;
			baseConfigurationReference = 439F154476C523B8B17C9702 /* Pods-NuskinVN CRMTests.release.xcconfig */;
			buildSettings = {
				ALWAYS_EMBED_SWIFT_STANDARD_LIBRARIES = YES;
				BUNDLE_LOADER = "$(TEST_HOST)";
				CODE_SIGN_STYLE = Automatic;
				INFOPLIST_FILE = "NuskinVN CRMTests/Info.plist";
				LD_RUNPATH_SEARCH_PATHS = "$(inherited) @executable_path/Frameworks @loader_path/Frameworks";
				PRODUCT_BUNDLE_IDENTIFIER = "derasoft.com.nuskin.NuskinVN-CRMTests";
				PRODUCT_NAME = "$(TARGET_NAME)";
				SWIFT_VERSION = 4.0;
				TARGETED_DEVICE_FAMILY = "1,2";
				TEST_HOST = "$(BUILT_PRODUCTS_DIR)/NuskinVN CRM.app/NuskinVN CRM";
			};
			name = Release;
		};
/* End XCBuildConfiguration section */

/* Begin XCConfigurationList section */
		23CAF80B1F7207FC0016DBDF /* Build configuration list for PBXProject "NuskinVN CRM" */ = {
			isa = XCConfigurationList;
			buildConfigurations = (
				23CAF82E1F7207FC0016DBDF /* Debug */,
				23CAF82F1F7207FC0016DBDF /* Release */,
			);
			defaultConfigurationIsVisible = 0;
			defaultConfigurationName = Release;
		};
		23CAF8301F7207FC0016DBDF /* Build configuration list for PBXNativeTarget "NuskinVN CRM" */ = {
			isa = XCConfigurationList;
			buildConfigurations = (
				23CAF8311F7207FC0016DBDF /* Debug */,
				23CAF8321F7207FC0016DBDF /* Release */,
			);
			defaultConfigurationIsVisible = 0;
			defaultConfigurationName = Release;
		};
		23CAF8331F7207FC0016DBDF /* Build configuration list for PBXNativeTarget "NuskinVN CRMTests" */ = {
			isa = XCConfigurationList;
			buildConfigurations = (
				23CAF8341F7207FC0016DBDF /* Debug */,
				23CAF8351F7207FC0016DBDF /* Release */,
			);
			defaultConfigurationIsVisible = 0;
			defaultConfigurationName = Release;
		};
/* End XCConfigurationList section */
	};
	rootObject = 23CAF8081F7207FC0016DBDF /* Project object */;
}
